// !$*UTF8*$!
{
	archiveVersion = 1;
	classes = {
	};
	objectVersion = 46;
	objects = {

/* Begin PBXBuildFile section */
		70EBA7B31D9C335E0005AAD4 /* AppDelegate.swift in Sources */ = {isa = PBXBuildFile; fileRef = 70EBA7B21D9C335E0005AAD4 /* AppDelegate.swift */; };
		70EBA7B51D9C335E0005AAD4 /* ViewController.swift in Sources */ = {isa = PBXBuildFile; fileRef = 70EBA7B41D9C335E0005AAD4 /* ViewController.swift */; };
		70EBA7B81D9C335E0005AAD4 /* Main.storyboard in Resources */ = {isa = PBXBuildFile; fileRef = 70EBA7B61D9C335E0005AAD4 /* Main.storyboard */; };
		70EBA7BA1D9C335E0005AAD4 /* Assets.xcassets in Resources */ = {isa = PBXBuildFile; fileRef = 70EBA7B91D9C335E0005AAD4 /* Assets.xcassets */; };
		70EBA7BD1D9C335E0005AAD4 /* LaunchScreen.storyboard in Resources */ = {isa = PBXBuildFile; fileRef = 70EBA7BB1D9C335E0005AAD4 /* LaunchScreen.storyboard */; };
		70EBA7C81D9C335E0005AAD4 /* BenzinciTests.swift in Sources */ = {isa = PBXBuildFile; fileRef = 70EBA7C71D9C335E0005AAD4 /* BenzinciTests.swift */; };
/* End PBXBuildFile section */

/* Begin PBXContainerItemProxy section */
		70EBA7C41D9C335E0005AAD4 /* PBXContainerItemProxy */ = {
			isa = PBXContainerItemProxy;
			containerPortal = 70EBA7A71D9C335E0005AAD4 /* Project object */;
			proxyType = 1;
			remoteGlobalIDString = 70EBA7AE1D9C335E0005AAD4;
			remoteInfo = Benzinci;
		};
/* End PBXContainerItemProxy section */

/* Begin PBXFileReference section */
		70EBA7AF1D9C335E0005AAD4 /* Benzinci.app */ = {isa = PBXFileReference; explicitFileType = wrapper.application; includeInIndex = 0; path = Benzinci.app; sourceTree = BUILT_PRODUCTS_DIR; };
		70EBA7B21D9C335E0005AAD4 /* AppDelegate.swift */ = {isa = PBXFileReference; lastKnownFileType = sourcecode.swift; path = AppDelegate.swift; sourceTree = "<group>"; };
		70EBA7B41D9C335E0005AAD4 /* ViewController.swift */ = {isa = PBXFileReference; lastKnownFileType = sourcecode.swift; path = ViewController.swift; sourceTree = "<group>"; };
		70EBA7B71D9C335E0005AAD4 /* Base */ = {isa = PBXFileReference; lastKnownFileType = file.storyboard; name = Base; path = Base.lproj/Main.storyboard; sourceTree = "<group>"; };
		70EBA7B91D9C335E0005AAD4 /* Assets.xcassets */ = {isa = PBXFileReference; lastKnownFileType = folder.assetcatalog; path = Assets.xcassets; sourceTree = "<group>"; };
		70EBA7BC1D9C335E0005AAD4 /* Base */ = {isa = PBXFileReference; lastKnownFileType = file.storyboard; name = Base; path = Base.lproj/LaunchScreen.storyboard; sourceTree = "<group>"; };
		70EBA7BE1D9C335E0005AAD4 /* Info.plist */ = {isa = PBXFileReference; lastKnownFileType = text.plist.xml; path = Info.plist; sourceTree = "<group>"; };
		70EBA7C31D9C335E0005AAD4 /* BenzinciTests.xctest */ = {isa = PBXFileReference; explicitFileType = wrapper.cfbundle; includeInIndex = 0; path = BenzinciTests.xctest; sourceTree = BUILT_PRODUCTS_DIR; };
		70EBA7C71D9C335E0005AAD4 /* BenzinciTests.swift */ = {isa = PBXFileReference; lastKnownFileType = sourcecode.swift; path = BenzinciTests.swift; sourceTree = "<group>"; };
		70EBA7C91D9C335E0005AAD4 /* Info.plist */ = {isa = PBXFileReference; lastKnownFileType = text.plist.xml; path = Info.plist; sourceTree = "<group>"; };
/* End PBXFileReference section */

/* Begin PBXFrameworksBuildPhase section */
		70EBA7AC1D9C335E0005AAD4 /* Frameworks */ = {
			isa = PBXFrameworksBuildPhase;
			buildActionMask = 2147483647;
			files = (
			);
			runOnlyForDeploymentPostprocessing = 0;
		};
		70EBA7C01D9C335E0005AAD4 /* Frameworks */ = {
			isa = PBXFrameworksBuildPhase;
			buildActionMask = 2147483647;
			files = (
			);
			runOnlyForDeploymentPostprocessing = 0;
		};
/* End PBXFrameworksBuildPhase section */

/* Begin PBXGroup section */
		70EBA7A61D9C335E0005AAD4 = {
			isa = PBXGroup;
			children = (
				70EBA7B11D9C335E0005AAD4 /* Benzinci */,
				70EBA7C61D9C335E0005AAD4 /* BenzinciTests */,
				70EBA7B01D9C335E0005AAD4 /* Products */,
			);
			sourceTree = "<group>";
		};
		70EBA7B01D9C335E0005AAD4 /* Products */ = {
			isa = PBXGroup;
			children = (
				70EBA7AF1D9C335E0005AAD4 /* Benzinci.app */,
				70EBA7C31D9C335E0005AAD4 /* BenzinciTests.xctest */,
			);
			name = Products;
			sourceTree = "<group>";
		};
		70EBA7B11D9C335E0005AAD4 /* Benzinci */ = {
			isa = PBXGroup;
			children = (
				70EBA7B21D9C335E0005AAD4 /* AppDelegate.swift */,
				70EBA7B41D9C335E0005AAD4 /* ViewController.swift */,
				70EBA7B61D9C335E0005AAD4 /* Main.storyboard */,
				70EBA7B91D9C335E0005AAD4 /* Assets.xcassets */,
				70EBA7BB1D9C335E0005AAD4 /* LaunchScreen.storyboard */,
				70EBA7BE1D9C335E0005AAD4 /* Info.plist */,
			);
			path = Benzinci;
			sourceTree = "<group>";
		};
		70EBA7C61D9C335E0005AAD4 /* BenzinciTests */ = {
			isa = PBXGroup;
			children = (
				70EBA7C71D9C335E0005AAD4 /* BenzinciTests.swift */,
				70EBA7C91D9C335E0005AAD4 /* Info.plist */,
			);
			path = BenzinciTests;
			sourceTree = "<group>";
		};
/* End PBXGroup section */

/* Begin PBXNativeTarget section */
		70EBA7AE1D9C335E0005AAD4 /* Benzinci */ = {
			isa = PBXNativeTarget;
			buildConfigurationList = 70EBA7CC1D9C335E0005AAD4 /* Build configuration list for PBXNativeTarget "Benzinci" */;
			buildPhases = (
				70EBA7AB1D9C335E0005AAD4 /* Sources */,
				70EBA7AC1D9C335E0005AAD4 /* Frameworks */,
				70EBA7AD1D9C335E0005AAD4 /* Resources */,
			);
			buildRules = (
			);
			dependencies = (
			);
			name = Benzinci;
			productName = Benzinci;
			productReference = 70EBA7AF1D9C335E0005AAD4 /* Benzinci.app */;
			productType = "com.apple.product-type.application";
		};
		70EBA7C21D9C335E0005AAD4 /* BenzinciTests */ = {
			isa = PBXNativeTarget;
			buildConfigurationList = 70EBA7CF1D9C335E0005AAD4 /* Build configuration list for PBXNativeTarget "BenzinciTests" */;
			buildPhases = (
				70EBA7BF1D9C335E0005AAD4 /* Sources */,
				70EBA7C01D9C335E0005AAD4 /* Frameworks */,
				70EBA7C11D9C335E0005AAD4 /* Resources */,
			);
			buildRules = (
			);
			dependencies = (
				70EBA7C51D9C335E0005AAD4 /* PBXTargetDependency */,
			);
			name = BenzinciTests;
			productName = BenzinciTests;
			productReference = 70EBA7C31D9C335E0005AAD4 /* BenzinciTests.xctest */;
			productType = "com.apple.product-type.bundle.unit-test";
		};
/* End PBXNativeTarget section */

/* Begin PBXProject section */
		70EBA7A71D9C335E0005AAD4 /* Project object */ = {
			isa = PBXProject;
			attributes = {
				LastSwiftUpdateCheck = 0800;
				LastUpgradeCheck = 0800;
				ORGANIZATIONNAME = "Onur Celik";
				TargetAttributes = {
					70EBA7AE1D9C335E0005AAD4 = {
						CreatedOnToolsVersion = 8.0;
						DevelopmentTeam = 7S7K8Z75EQ;
						ProvisioningStyle = Automatic;
					};
					70EBA7C21D9C335E0005AAD4 = {
						CreatedOnToolsVersion = 8.0;
						DevelopmentTeam = 7S7K8Z75EQ;
						ProvisioningStyle = Automatic;
						TestTargetID = 70EBA7AE1D9C335E0005AAD4;
					};
				};
			};
			buildConfigurationList = 70EBA7AA1D9C335E0005AAD4 /* Build configuration list for PBXProject "Benzinci" */;
			compatibilityVersion = "Xcode 3.2";
			developmentRegion = English;
			hasScannedForEncodings = 0;
			knownRegions = (
				en,
				Base,
			);
			mainGroup = 70EBA7A61D9C335E0005AAD4;
			productRefGroup = 70EBA7B01D9C335E0005AAD4 /* Products */;
			projectDirPath = "";
			projectRoot = "";
			targets = (
				70EBA7AE1D9C335E0005AAD4 /* Benzinci */,
				70EBA7C21D9C335E0005AAD4 /* BenzinciTests */,
			);
		};
/* End PBXProject section */

/* Begin PBXResourcesBuildPhase section */
		70EBA7AD1D9C335E0005AAD4 /* Resources */ = {
			isa = PBXResourcesBuildPhase;
			buildActionMask = 2147483647;
			files = (
				70EBA7BD1D9C335E0005AAD4 /* LaunchScreen.storyboard in Resources */,
				70EBA7BA1D9C335E0005AAD4 /* Assets.xcassets in Resources */,
				70EBA7B81D9C335E0005AAD4 /* Main.storyboard in Resources */,
			);
			runOnlyForDeploymentPostprocessing = 0;
		};
		70EBA7C11D9C335E0005AAD4 /* Resources */ = {
			isa = PBXResourcesBuildPhase;
			buildActionMask = 2147483647;
			files = (
			);
			runOnlyForDeploymentPostprocessing = 0;
		};
/* End PBXResourcesBuildPhase section */

/* Begin PBXSourcesBuildPhase section */
		70EBA7AB1D9C335E0005AAD4 /* Sources */ = {
			isa = PBXSourcesBuildPhase;
			buildActionMask = 2147483647;
			files = (
				70EBA7B51D9C335E0005AAD4 /* ViewController.swift in Sources */,
				70EBA7B31D9C335E0005AAD4 /* AppDelegate.swift in Sources */,
			);
			runOnlyForDeploymentPostprocessing = 0;
		};
		70EBA7BF1D9C335E0005AAD4 /* Sources */ = {
			isa = PBXSourcesBuildPhase;
			buildActionMask = 2147483647;
			files = (
				70EBA7C81D9C335E0005AAD4 /* BenzinciTests.swift in Sources */,
			);
			runOnlyForDeploymentPostprocessing = 0;
		};
/* End PBXSourcesBuildPhase section */

/* Begin PBXTargetDependency section */
		70EBA7C51D9C335E0005AAD4 /* PBXTargetDependency */ = {
			isa = PBXTargetDependency;
			target = 70EBA7AE1D9C335E0005AAD4 /* Benzinci */;
			targetProxy = 70EBA7C41D9C335E0005AAD4 /* PBXContainerItemProxy */;
		};
/* End PBXTargetDependency section */

/* Begin PBXVariantGroup section */
		70EBA7B61D9C335E0005AAD4 /* Main.storyboard */ = {
			isa = PBXVariantGroup;
			children = (
				70EBA7B71D9C335E0005AAD4 /* Base */,
			);
			name = Main.storyboard;
			sourceTree = "<group>";
		};
		70EBA7BB1D9C335E0005AAD4 /* LaunchScreen.storyboard */ = {
			isa = PBXVariantGroup;
			children = (
				70EBA7BC1D9C335E0005AAD4 /* Base */,
			);
			name = LaunchScreen.storyboard;
			sourceTree = "<group>";
		};
/* End PBXVariantGroup section */

/* Begin XCBuildConfiguration section */
		70EBA7CA1D9C335E0005AAD4 /* Debug */ = {
			isa = XCBuildConfiguration;
			buildSettings = {
				ALWAYS_SEARCH_USER_PATHS = NO;
				CLANG_ANALYZER_NONNULL = YES;
				CLANG_CXX_LANGUAGE_STANDARD = "gnu++0x";
				CLANG_CXX_LIBRARY = "libc++";
				CLANG_ENABLE_MODULES = YES;
				CLANG_ENABLE_OBJC_ARC = YES;
				CLANG_WARN_BOOL_CONVERSION = YES;
				CLANG_WARN_CONSTANT_CONVERSION = YES;
				CLANG_WARN_DIRECT_OBJC_ISA_USAGE = YES_ERROR;
				CLANG_WARN_DOCUMENTATION_COMMENTS = YES;
				CLANG_WARN_EMPTY_BODY = YES;
				CLANG_WARN_ENUM_CONVERSION = YES;
				CLANG_WARN_INFINITE_RECURSION = YES;
				CLANG_WARN_INT_CONVERSION = YES;
				CLANG_WARN_OBJC_ROOT_CLASS = YES_ERROR;
				CLANG_WARN_SUSPICIOUS_MOVES = YES;
				CLANG_WARN_UNREACHABLE_CODE = YES;
				CLANG_WARN__DUPLICATE_METHOD_MATCH = YES;
				"CODE_SIGN_IDENTITY[sdk=iphoneos*]" = "iPhone Developer";
				COPY_PHASE_STRIP = NO;
				DEBUG_INFORMATION_FORMAT = dwarf;
				ENABLE_STRICT_OBJC_MSGSEND = YES;
				ENABLE_TESTABILITY = YES;
				GCC_C_LANGUAGE_STANDARD = gnu99;
				GCC_DYNAMIC_NO_PIC = NO;
				GCC_NO_COMMON_BLOCKS = YES;
				GCC_OPTIMIZATION_LEVEL = 0;
				GCC_PREPROCESSOR_DEFINITIONS = (
					"DEBUG=1",
					"$(inherited)",
				);
				GCC_WARN_64_TO_32_BIT_CONVERSION = YES;
				GCC_WARN_ABOUT_RETURN_TYPE = YES_ERROR;
				GCC_WARN_UNDECLARED_SELECTOR = YES;
				GCC_WARN_UNINITIALIZED_AUTOS = YES_AGGRESSIVE;
				GCC_WARN_UNUSED_FUNCTION = YES;
				GCC_WARN_UNUSED_VARIABLE = YES;
				IPHONEOS_DEPLOYMENT_TARGET = 10.0;
				MTL_ENABLE_DEBUG_INFO = YES;
				ONLY_ACTIVE_ARCH = YES;
				SDKROOT = iphoneos;
				SWIFT_ACTIVE_COMPILATION_CONDITIONS = DEBUG;
				SWIFT_OPTIMIZATION_LEVEL = "-Onone";
			};
			name = Debug;
		};
		70EBA7CB1D9C335E0005AAD4 /* Release */ = {
			isa = XCBuildConfiguration;
			buildSettings = {
				ALWAYS_SEARCH_USER_PATHS = NO;
				CLANG_ANALYZER_NONNULL = YES;
				CLANG_CXX_LANGUAGE_STANDARD = "gnu++0x";
				CLANG_CXX_LIBRARY = "libc++";
				CLANG_ENABLE_MODULES = YES;
				CLANG_ENABLE_OBJC_ARC = YES;
				CLANG_WARN_BOOL_CONVERSION = YES;
				CLANG_WARN_CONSTANT_CONVERSION = YES;
				CLANG_WARN_DIRECT_OBJC_ISA_USAGE = YES_ERROR;
				CLANG_WARN_DOCUMENTATION_COMMENTS = YES;
				CLANG_WARN_EMPTY_BODY = YES;
				CLANG_WARN_ENUM_CONVERSION = YES;
				CLANG_WARN_INFINITE_RECURSION = YES;
				CLANG_WARN_INT_CONVERSION = YES;
				CLANG_WARN_OBJC_ROOT_CLASS = YES_ERROR;
				CLANG_WARN_SUSPICIOUS_MOVES = YES;
				CLANG_WARN_UNREACHABLE_CODE = YES;
				CLANG_WARN__DUPLICATE_METHOD_MATCH = YES;
				"CODE_SIGN_IDENTITY[sdk=iphoneos*]" = "iPhone Developer";
				COPY_PHASE_STRIP = NO;
				DEBUG_INFORMATION_FORMAT = "dwarf-with-dsym";
				ENABLE_NS_ASSERTIONS = NO;
				ENABLE_STRICT_OBJC_MSGSEND = YES;
				GCC_C_LANGUAGE_STANDARD = gnu99;
				GCC_NO_COMMON_BLOCKS = YES;
				GCC_WARN_64_TO_32_BIT_CONVERSION = YES;
				GCC_WARN_ABOUT_RETURN_TYPE = YES_ERROR;
				GCC_WARN_UNDECLARED_SELECTOR = YES;
				GCC_WARN_UNINITIALIZED_AUTOS = YES_AGGRESSIVE;
				GCC_WARN_UNUSED_FUNCTION = YES;
				GCC_WARN_UNUSED_VARIABLE = YES;
				IPHONEOS_DEPLOYMENT_TARGET = 10.0;
				MTL_ENABLE_DEBUG_INFO = NO;
				SDKROOT = iphoneos;
				SWIFT_OPTIMIZATION_LEVEL = "-Owholemodule";
				VALIDATE_PRODUCT = YES;
			};
			name = Release;
		};
		70EBA7CD1D9C335E0005AAD4 /* Debug */ = {
			isa = XCBuildConfiguration;
			buildSettings = {
				ASSETCATALOG_COMPILER_APPICON_NAME = AppIcon;
				DEVELOPMENT_TEAM = 7S7K8Z75EQ;
				INFOPLIST_FILE = Benzinci/Info.plist;
				LD_RUNPATH_SEARCH_PATHS = "$(inherited) @executable_path/Frameworks";
				PRODUCT_BUNDLE_IDENTIFIER = com.onurcelikeng.Benzinci;
				PRODUCT_NAME = "$(TARGET_NAME)";
				SWIFT_VERSION = 3.0;
			};
			name = Debug;
		};
		70EBA7CE1D9C335E0005AAD4 /* Release */ = {
			isa = XCBuildConfiguration;
			buildSettings = {
				ASSETCATALOG_COMPILER_APPICON_NAME = AppIcon;
				DEVELOPMENT_TEAM = 7S7K8Z75EQ;
				INFOPLIST_FILE = Benzinci/Info.plist;
				LD_RUNPATH_SEARCH_PATHS = "$(inherited) @executable_path/Frameworks";
				PRODUCT_BUNDLE_IDENTIFIER = com.onurcelikeng.Benzinci;
				PRODUCT_NAME = "$(TARGET_NAME)";
				SWIFT_VERSION = 3.0;
			};
			name = Release;
		};
		70EBA7D01D9C335E0005AAD4 /* Debug */ = {
			isa = XCBuildConfiguration;
			buildSettings = {
				ALWAYS_EMBED_SWIFT_STANDARD_LIBRARIES = YES;
				BUNDLE_LOADER = "$(TEST_HOST)";
				DEVELOPMENT_TEAM = 7S7K8Z75EQ;
				INFOPLIST_FILE = BenzinciTests/Info.plist;
				LD_RUNPATH_SEARCH_PATHS = "$(inherited) @executable_path/Frameworks @loader_path/Frameworks";
				PRODUCT_BUNDLE_IDENTIFIER = com.onurcelikeng.BenzinciTests;
				PRODUCT_NAME = "$(TARGET_NAME)";
				SWIFT_VERSION = 3.0;
				TEST_HOST = "$(BUILT_PRODUCTS_DIR)/Benzinci.app/Benzinci";
			};
			name = Debug;
		};
		70EBA7D11D9C335E0005AAD4 /* Release */ = {
			isa = XCBuildConfiguration;
			buildSettings = {
				ALWAYS_EMBED_SWIFT_STANDARD_LIBRARIES = YES;
				BUNDLE_LOADER = "$(TEST_HOST)";
				DEVELOPMENT_TEAM = 7S7K8Z75EQ;
				INFOPLIST_FILE = BenzinciTests/Info.plist;
				LD_RUNPATH_SEARCH_PATHS = "$(inherited) @executable_path/Frameworks @loader_path/Frameworks";
				PRODUCT_BUNDLE_IDENTIFIER = com.onurcelikeng.BenzinciTests;
				PRODUCT_NAME = "$(TARGET_NAME)";
				SWIFT_VERSION = 3.0;
				TEST_HOST = "$(BUILT_PRODUCTS_DIR)/Benzinci.app/Benzinci";
			};
			name = Release;
		};
/* End XCBuildConfiguration section */

/* Begin XCConfigurationList section */
		70EBA7AA1D9C335E0005AAD4 /* Build configuration list for PBXProject "Benzinci" */ = {
			isa = XCConfigurationList;
			buildConfigurations = (
				70EBA7CA1D9C335E0005AAD4 /* Debug */,
				70EBA7CB1D9C335E0005AAD4 /* Release */,
			);
			defaultConfigurationIsVisible = 0;
			defaultConfigurationName = Release;
		};
		70EBA7CC1D9C335E0005AAD4 /* Build configuration list for PBXNativeTarget "Benzinci" */ = {
			isa = XCConfigurationList;
			buildConfigurations = (
				70EBA7CD1D9C335E0005AAD4 /* Debug */,
				70EBA7CE1D9C335E0005AAD4 /* Release */,
			);
			defaultConfigurationIsVisible = 0;
		};
		70EBA7CF1D9C335E0005AAD4 /* Build configuration list for PBXNativeTarget "BenzinciTests" */ = {
			isa = XCConfigurationList;
			buildConfigurations = (
				70EBA7D01D9C335E0005AAD4 /* Debug */,
				70EBA7D11D9C335E0005AAD4 /* Release */,
			);
			defaultConfigurationIsVisible = 0;
		};
/* End XCConfigurationList section */
	};
	rootObject = 70EBA7A71D9C335E0005AAD4 /* Project object */;
}
